
Microsoft Visual Studio Solution File, Format Version 12.00
# Visual Studio Version 17
VisualStudioVersion = 17.1.32228.430
MinimumVisualStudioVersion = 10.0.40219.1
Project("{8BC9CEB8-8B4A-11D0-8D11-00A0C91BC942}") = "ImGUI", "Dependencies\ImGUI\ImGUI.vcxproj", "{BF4DED20-3AD4-4320-BB23-0BDB430F36B8}"
EndProject
Project("{2150E333-8FDC-42A3-9474-1A3956D46DE8}") = "Dependencies", "Dependencies", "{A7823C03-B394-40AB-8706-256F1E455293}"
EndProject
Project("{8BC9CEB8-8B4A-11D0-8D11-00A0C91BC942}") = "GUI_Core", "GUI_Core\GUI_Core.vcxproj", "{39DCEDC4-775B-4671-9732-099C90C493BF}"
EndProject
Project("{8BC9CEB8-8B4A-11D0-8D11-00A0C91BC942}") = "GLAD", "Dependencies\GLAD\GLAD.vcxproj", "{5D177803-53CF-4BEE-A476-C40C9B32ECBE}"
EndProject
Project("{8BC9CEB8-8B4A-11D0-8D11-00A0C91BC942}") = "Example_App", "Example_App\Example_App.vcxproj", "{54D4FDD3-7477-4BDD-9F2A-00B8A715BF3A}"
EndProject
Global
	GlobalSection(SolutionConfigurationPlatforms) = preSolution
		Debug|x64 = Debug|x64
		Debug|x86 = Debug|x86
		Dist|x64 = Dist|x64
		Dist|x86 = Dist|x86
		Release|x64 = Release|x64
		Release|x86 = Release|x86
	EndGlobalSection
	GlobalSection(ProjectConfigurationPlatforms) = postSolution
		{BF4DED20-3AD4-4320-BB23-0BDB430F36B8}.Debug|x64.ActiveCfg = Debug|x64
		{BF4DED20-3AD4-4320-BB23-0BDB430F36B8}.Debug|x64.Build.0 = Debug|x64
		{BF4DED20-3AD4-4320-BB23-0BDB430F36B8}.Debug|x86.ActiveCfg = Debug|Win32
		{BF4DED20-3AD4-4320-BB23-0BDB430F36B8}.Debug|x86.Build.0 = Debug|Win32
		{BF4DED20-3AD4-4320-BB23-0BDB430F36B8}.Dist|x64.ActiveCfg = Dist|x64
		{BF4DED20-3AD4-4320-BB23-0BDB430F36B8}.Dist|x64.Build.0 = Dist|x64
		{BF4DED20-3AD4-4320-BB23-0BDB430F36B8}.Dist|x86.ActiveCfg = Dist|Win32
		{BF4DED20-3AD4-4320-BB23-0BDB430F36B8}.Dist|x86.Build.0 = Dist|Win32
		{BF4DED20-3AD4-4320-BB23-0BDB430F36B8}.Release|x64.ActiveCfg = Release|x64
		{BF4DED20-3AD4-4320-BB23-0BDB430F36B8}.Release|x64.Build.0 = Release|x64
		{BF4DED20-3AD4-4320-BB23-0BDB430F36B8}.Release|x86.ActiveCfg = Release|Win32
		{BF4DED20-3AD4-4320-BB23-0BDB430F36B8}.Release|x86.Build.0 = Release|Win32
		{39DCEDC4-775B-4671-9732-099C90C493BF}.Debug|x64.ActiveCfg = Debug|x64
		{39DCEDC4-775B-4671-9732-099C90C493BF}.Debug|x64.Build.0 = Debug|x64
		{39DCEDC4-775B-4671-9732-099C90C493BF}.Debug|x86.ActiveCfg = Debug|Win32
		{39DCEDC4-775B-4671-9732-099C90C493BF}.Debug|x86.Build.0 = Debug|Win32
		{39DCEDC4-775B-4671-9732-099C90C493BF}.Dist|x64.ActiveCfg = Dist|x64
		{39DCEDC4-775B-4671-9732-099C90C493BF}.Dist|x64.Build.0 = Dist|x64
		{39DCEDC4-775B-4671-9732-099C90C493BF}.Dist|x86.ActiveCfg = Dist|Win32
		{39DCEDC4-775B-4671-9732-099C90C493BF}.Dist|x86.Build.0 = Dist|Win32
		{39DCEDC4-775B-4671-9732-099C90C493BF}.Release|x64.ActiveCfg = Release|x64
		{39DCEDC4-775B-4671-9732-099C90C493BF}.Release|x64.Build.0 = Release|x64
		{39DCEDC4-775B-4671-9732-099C90C493BF}.Release|x86.ActiveCfg = Release|Win32
		{39DCEDC4-775B-4671-9732-099C90C493BF}.Release|x86.Build.0 = Release|Win32
		{5D177803-53CF-4BEE-A476-C40C9B32ECBE}.Debug|x64.ActiveCfg = Debug|x64
		{5D177803-53CF-4BEE-A476-C40C9B32ECBE}.Debug|x64.Build.0 = Debug|x64
		{5D177803-53CF-4BEE-A476-C40C9B32ECBE}.Debug|x86.ActiveCfg = Debug|Win32
		{5D177803-53CF-4BEE-A476-C40C9B32ECBE}.Debug|x86.Build.0 = Debug|Win32
		{5D177803-53CF-4BEE-A476-C40C9B32ECBE}.Dist|x64.ActiveCfg = Dist|x64
		{5D177803-53CF-4BEE-A476-C40C9B32ECBE}.Dist|x64.Build.0 = Dist|x64
		{5D177803-53CF-4BEE-A476-C40C9B32ECBE}.Dist|x86.ActiveCfg = Dist|Win32
		{5D177803-53CF-4BEE-A476-C40C9B32ECBE}.Dist|x86.Build.0 = Dist|Win32
		{5D177803-53CF-4BEE-A476-C40C9B32ECBE}.Release|x64.ActiveCfg = Release|x64
		{5D177803-53CF-4BEE-A476-C40C9B32ECBE}.Release|x64.Build.0 = Release|x64
		{5D177803-53CF-4BEE-A476-C40C9B32ECBE}.Release|x86.ActiveCfg = Release|Win32
		{5D177803-53CF-4BEE-A476-C40C9B32ECBE}.Release|x86.Build.0 = Release|Win32
		{54D4FDD3-7477-4BDD-9F2A-00B8A715BF3A}.Debug|x64.ActiveCfg = Debug|x64
		{54D4FDD3-7477-4BDD-9F2A-00B8A715BF3A}.Debug|x64.Build.0 = Debug|x64
		{54D4FDD3-7477-4BDD-9F2A-00B8A715BF3A}.Debug|x86.ActiveCfg = Debug|Win32
		{54D4FDD3-7477-4BDD-9F2A-00B8A715BF3A}.Debug|x86.Build.0 = Debug|Win32
		{54D4FDD3-7477-4BDD-9F2A-00B8A715BF3A}.Dist|x64.ActiveCfg = Dist|x64
		{54D4FDD3-7477-4BDD-9F2A-00B8A715BF3A}.Dist|x64.Build.0 = Dist|x64
		{54D4FDD3-7477-4BDD-9F2A-00B8A715BF3A}.Dist|x86.ActiveCfg = Debug|Win32
		{54D4FDD3-7477-4BDD-9F2A-00B8A715BF3A}.Dist|x86.Build.0 = Debug|Win32
		{54D4FDD3-7477-4BDD-9F2A-00B8A715BF3A}.Release|x64.ActiveCfg = Release|x64
		{54D4FDD3-7477-4BDD-9F2A-00B8A715BF3A}.Release|x64.Build.0 = Release|x64
		{54D4FDD3-7477-4BDD-9F2A-00B8A715BF3A}.Release|x86.ActiveCfg = Release|Win32
		{54D4FDD3-7477-4BDD-9F2A-00B8A715BF3A}.Release|x86.Build.0 = Release|Win32
	EndGlobalSection
	GlobalSection(SolutionProperties) = preSolution
		HideSolutionNode = FALSE
	EndGlobalSection
	GlobalSection(NestedProjects) = preSolution
		{BF4DED20-3AD4-4320-BB23-0BDB430F36B8} = {A7823C03-B394-40AB-8706-256F1E455293}
		{5D177803-53CF-4BEE-A476-C40C9B32ECBE} = {A7823C03-B394-40AB-8706-256F1E455293}
	EndGlobalSection
	GlobalSection(ExtensibilityGlobals) = postSolution
		SolutionGuid = {91C87F8A-E241-483C-A831-959825338619}
	EndGlobalSection
EndGlobal
