<?xml version="1.0" encoding="utf-8"?>
<Project ToolsVersion="4.0" xmlns="http://schemas.microsoft.com/developer/msbuild/2003">
  <ItemGroup>
    <Filter Include="Include">
      <UniqueIdentifier>{cb92d862-d2e4-4dc6-b29f-195847511169}</UniqueIdentifier>
    </Filter>
    <Filter Include="Source">
      <UniqueIdentifier>{cbdf4658-8436-427c-96ee-911503f381a6}</UniqueIdentifier>
    </Filter>
  </ItemGroup>
  <ItemGroup>
    <ClInclude Include="Include\imconfig.h">
      <Filter>Include</Filter>
    </ClInclude>
    <ClInclude Include="Include\imgui.h">
      <Filter>Include</Filter>
    </ClInclude>
    <ClInclude Include="Include\imgui_impl_glfw.h">
      <Filter>Include</Filter>
    </ClInclude>
    <ClInclude Include="Include\imgui_impl_opengl3.h">
      <Filter>Include</Filter>
    </ClInclude>
    <ClInclude Include="Include\imgui_impl_opengl3_loader.h">
      <Filter>Include</Filter>
    </ClInclude>
    <ClInclude Include="Include\imgui_internal.h">
      <Filter>Include</Filter>
    </ClInclude>
    <ClInclude Include="Include\imstb_rectpack.h">
      <Filter>Include</Filter>
    </ClInclude>
    <ClInclude Include="Include\imstb_textedit.h">
      <Filter>Include</Filter>
    </ClInclude>
    <ClInclude Include="Include\imstb_truetype.h">
      <Filter>Include</Filter>
    </ClInclude>
  </ItemGroup>
  <ItemGroup>
    <ClCompile Include="Source\imgui.cpp">
      <Filter>Source</Filter>
    </ClCompile>
    <ClCompile Include="Source\imgui_demo.cpp">
      <Filter>Source</Filter>
    </ClCompile>
    <ClCompile Include="Source\imgui_draw.cpp">
      <Filter>Source</Filter>
    </ClCompile>
    <ClCompile Include="Source\imgui_impl_glfw.cpp">
      <Filter>Source</Filter>
    </ClCompile>
    <ClCompile Include="Source\imgui_impl_opengl3.cpp">
      <Filter>Source</Filter>
    </ClCompile>
    <ClCompile Include="Source\imgui_tables.cpp">
      <Filter>Source</Filter>
    </ClCompile>
    <ClCompile Include="Source\imgui_widgets.cpp">
      <Filter>Source</Filter>
    </ClCompile>
  </ItemGroup>
</Project>